PODS:
  - XLPagerTabStrip (8.1.0)

DEPENDENCIES:
  - XLPagerTabStrip (~> 8.1)

SPEC REPOS:
  https://github.com/cocoapods/specs.git:
    - XLPagerTabStrip

SPEC CHECKSUMS:
  XLPagerTabStrip: 22d4c58200d7c105e0e407ab6bfd01a5d85014be

PODFILE CHECKSUM: a83594abba129be906c119c7c86442d1ab90c17e

COCOAPODS: 1.5.3
